
Microsoft Visual Studio Solution File, Format Version 12.00
# Visual Studio Version 17
VisualStudioVersion = 17.12.35527.113
MinimumVisualStudioVersion = 10.0.40219.1
Project("{2150E333-8FDC-42A3-9474-1A3956D46DE8}") = "Services", "Services", "{CB8DA10E-F131-413F-B652-B1BE82EE5A9B}"
EndProject
Project("{2150E333-8FDC-42A3-9474-1A3956D46DE8}") = "WareHouse", "WareHouse", "{FD1732FA-ECB3-41E5-8516-AC34377B9DF3}"
EndProject
Project("{FAE04EC0-301F-11D3-BF4B-00C04F79EFBC}") = "WareHouse.API", "Services\WareHouse\WareHouse.API\WareHouse.API.csproj", "{843CD531-BD47-4666-AF26-7BBB9900F46E}"
EndProject
Project("{FAE04EC0-301F-11D3-BF4B-00C04F79EFBC}") = "WareHouse.Domain", "Services\WareHouse\WareHouse.Domain\WareHouse.Domain.csproj", "{CBE4057D-6677-4B35-A448-749ACDC10A23}"
EndProject
Project("{FAE04EC0-301F-11D3-BF4B-00C04F79EFBC}") = "WareHouse.Application", "Services\WareHouse\WareHouse.Application\WareHouse.Application.csproj", "{EBEAEF43-02EC-4E76-BEC6-EC79D07EAD55}"
EndProject
Project("{FAE04EC0-301F-11D3-BF4B-00C04F79EFBC}") = "WareHouse.Presentation", "Services\WareHouse\WareHouse.Presentation\WareHouse.Presentation.csproj", "{AAA39F11-DEC3-45E6-9684-839BDCD87E1B}"
EndProject
Project("{FAE04EC0-301F-11D3-BF4B-00C04F79EFBC}") = "WareHouse.Infrastructure", "Services\WareHouse\WareHouse.Infrastructure\WareHouse.Infrastructure.csproj", "{6DB6E2BB-F714-44FF-9C3B-933B2FD38967}"
EndProject
Project("{2150E333-8FDC-42A3-9474-1A3956D46DE8}") = "Shared", "Shared", "{2BCE99BE-8A5A-4987-8FE8-3EF32A149362}"
EndProject
Project("{2150E333-8FDC-42A3-9474-1A3956D46DE8}") = "BuildingBlocks", "BuildingBlocks", "{0B7A1544-08CC-48E3-B62B-84FBCDFCE7CE}"
EndProject
Project("{FAE04EC0-301F-11D3-BF4B-00C04F79EFBC}") = "CommonPractices", "Shared\BuildingBlocks\CommonPractices\CommonPractices.csproj", "{2C5D958F-3845-438D-87F5-D52404CD911D}"
EndProject
Project("{E53339B2-1760-4266-BCC7-CA923CBCF16C}") = "docker-compose", "docker-compose.dcproj", "{82C3F195-4C0F-4573-99BF-3229AFF0F424}"
EndProject
Project("{2150E333-8FDC-42A3-9474-1A3956D46DE8}") = "Catalog", "Catalog", "{C31A17BE-D519-4730-B94D-9AC21AE32F1C}"
EndProject
Project("{FAE04EC0-301F-11D3-BF4B-00C04F79EFBC}") = "Catalog.Api", "Services\Catalog\Catalog.Api\Catalog.Api.csproj", "{EB0AC241-DC6E-4349-95CD-8B4A4D5F5D36}"
EndProject
Project("{2150E333-8FDC-42A3-9474-1A3956D46DE8}") = "Slots", "Slots", "{02EA681E-C7D8-13C7-8484-4AC65E1B71E8}"
EndProject
Project("{FAE04EC0-301F-11D3-BF4B-00C04F79EFBC}") = "SlotsService", "Services\Slots\SlotsService\SlotsService.csproj", "{3EA747A7-39E0-4B0D-BA48-1C580BE131CE}"
EndProject
Project("{FAE04EC0-301F-11D3-BF4B-00C04F79EFBC}") = "Catalog.Application", "Services\Catalog\Catalog.Application\Catalog.Application.csproj", "{2C7F3C6E-FEDB-4A25-9172-78A143700F32}"
EndProject
Project("{FAE04EC0-301F-11D3-BF4B-00C04F79EFBC}") = "Catalog.Presentation", "Services\Catalog\Catalog.Presentation\Catalog.Presentation.csproj", "{D14DFC03-E6AF-4F54-96C0-1F51AC0A9404}"
EndProject
Project("{FAE04EC0-301F-11D3-BF4B-00C04F79EFBC}") = "Catalog.Domain", "Services\Catalog\Catalog.Domain\Catalog.Domain.csproj", "{0C031E11-66D5-4E53-B3C8-B7A0172D8870}"
EndProject
Project("{2150E333-8FDC-42A3-9474-1A3956D46DE8}") = "Tests", "Tests", "{ABF76A9C-284C-478A-A908-AD593783007A}"
EndProject
Project("{2150E333-8FDC-42A3-9474-1A3956D46DE8}") = "GrpcTest", "GrpcTest", "{8047088C-2842-4356-B386-41D8820CE685}"
EndProject
Project("{FAE04EC0-301F-11D3-BF4B-00C04F79EFBC}") = "Slots.Tests", "Tests\GrpcTest\Slots.Tests\Slots.Tests.csproj", "{683DF2FF-4C4C-4680-A653-8F22D92205C0}"
EndProject
Project("{2150E333-8FDC-42A3-9474-1A3956D46DE8}") = "Ordering", "Ordering", "{544E31EC-3388-47BB-B987-87AEA53C8271}"
EndProject
Project("{FAE04EC0-301F-11D3-BF4B-00C04F79EFBC}") = "Ordering.API", "Services\Ordering\Ordering.API\Ordering.API.csproj", "{630D62A6-5EAF-454F-AFC1-7DC3AFE7579C}"
EndProject
Project("{FAE04EC0-301F-11D3-BF4B-00C04F79EFBC}") = "Ordering.Application", "Services\Ordering\Ordering.Application\Ordering.Application.csproj", "{D6D2BBD6-3E7D-4713-B249-7EEF9B0653D7}"
EndProject
Project("{FAE04EC0-301F-11D3-BF4B-00C04F79EFBC}") = "Ordering.Presentation", "Services\Ordering\Ordering.Presentation\Ordering.Presentation.csproj", "{77BF98EF-6A07-4A83-BBA4-96401B15FC4F}"
EndProject
Global
	GlobalSection(SolutionConfigurationPlatforms) = preSolution
		Debug|Any CPU = Debug|Any CPU
		Release|Any CPU = Release|Any CPU
	EndGlobalSection
	GlobalSection(ProjectConfigurationPlatforms) = postSolution
		{843CD531-BD47-4666-AF26-7BBB9900F46E}.Debug|Any CPU.ActiveCfg = Debug|Any CPU
		{843CD531-BD47-4666-AF26-7BBB9900F46E}.Debug|Any CPU.Build.0 = Debug|Any CPU
		{843CD531-BD47-4666-AF26-7BBB9900F46E}.Release|Any CPU.ActiveCfg = Release|Any CPU
		{843CD531-BD47-4666-AF26-7BBB9900F46E}.Release|Any CPU.Build.0 = Release|Any CPU
		{CBE4057D-6677-4B35-A448-749ACDC10A23}.Debug|Any CPU.ActiveCfg = Debug|Any CPU
		{CBE4057D-6677-4B35-A448-749ACDC10A23}.Debug|Any CPU.Build.0 = Debug|Any CPU
		{CBE4057D-6677-4B35-A448-749ACDC10A23}.Release|Any CPU.ActiveCfg = Release|Any CPU
		{CBE4057D-6677-4B35-A448-749ACDC10A23}.Release|Any CPU.Build.0 = Release|Any CPU
		{EBEAEF43-02EC-4E76-BEC6-EC79D07EAD55}.Debug|Any CPU.ActiveCfg = Debug|Any CPU
		{EBEAEF43-02EC-4E76-BEC6-EC79D07EAD55}.Debug|Any CPU.Build.0 = Debug|Any CPU
		{EBEAEF43-02EC-4E76-BEC6-EC79D07EAD55}.Release|Any CPU.ActiveCfg = Release|Any CPU
		{EBEAEF43-02EC-4E76-BEC6-EC79D07EAD55}.Release|Any CPU.Build.0 = Release|Any CPU
		{AAA39F11-DEC3-45E6-9684-839BDCD87E1B}.Debug|Any CPU.ActiveCfg = Debug|Any CPU
		{AAA39F11-DEC3-45E6-9684-839BDCD87E1B}.Debug|Any CPU.Build.0 = Debug|Any CPU
		{AAA39F11-DEC3-45E6-9684-839BDCD87E1B}.Release|Any CPU.ActiveCfg = Release|Any CPU
		{AAA39F11-DEC3-45E6-9684-839BDCD87E1B}.Release|Any CPU.Build.0 = Release|Any CPU
		{6DB6E2BB-F714-44FF-9C3B-933B2FD38967}.Debug|Any CPU.ActiveCfg = Debug|Any CPU
		{6DB6E2BB-F714-44FF-9C3B-933B2FD38967}.Debug|Any CPU.Build.0 = Debug|Any CPU
		{6DB6E2BB-F714-44FF-9C3B-933B2FD38967}.Release|Any CPU.ActiveCfg = Release|Any CPU
		{6DB6E2BB-F714-44FF-9C3B-933B2FD38967}.Release|Any CPU.Build.0 = Release|Any CPU
		{2C5D958F-3845-438D-87F5-D52404CD911D}.Debug|Any CPU.ActiveCfg = Debug|Any CPU
		{2C5D958F-3845-438D-87F5-D52404CD911D}.Debug|Any CPU.Build.0 = Debug|Any CPU
		{2C5D958F-3845-438D-87F5-D52404CD911D}.Release|Any CPU.ActiveCfg = Release|Any CPU
		{2C5D958F-3845-438D-87F5-D52404CD911D}.Release|Any CPU.Build.0 = Release|Any CPU
		{82C3F195-4C0F-4573-99BF-3229AFF0F424}.Debug|Any CPU.ActiveCfg = Debug|Any CPU
		{82C3F195-4C0F-4573-99BF-3229AFF0F424}.Debug|Any CPU.Build.0 = Debug|Any CPU
		{82C3F195-4C0F-4573-99BF-3229AFF0F424}.Release|Any CPU.ActiveCfg = Release|Any CPU
		{82C3F195-4C0F-4573-99BF-3229AFF0F424}.Release|Any CPU.Build.0 = Release|Any CPU
		{EB0AC241-DC6E-4349-95CD-8B4A4D5F5D36}.Debug|Any CPU.ActiveCfg = Debug|Any CPU
		{EB0AC241-DC6E-4349-95CD-8B4A4D5F5D36}.Debug|Any CPU.Build.0 = Debug|Any CPU
		{EB0AC241-DC6E-4349-95CD-8B4A4D5F5D36}.Release|Any CPU.ActiveCfg = Release|Any CPU
		{EB0AC241-DC6E-4349-95CD-8B4A4D5F5D36}.Release|Any CPU.Build.0 = Release|Any CPU
		{3EA747A7-39E0-4B0D-BA48-1C580BE131CE}.Debug|Any CPU.ActiveCfg = Debug|Any CPU
		{3EA747A7-39E0-4B0D-BA48-1C580BE131CE}.Debug|Any CPU.Build.0 = Debug|Any CPU
		{3EA747A7-39E0-4B0D-BA48-1C580BE131CE}.Release|Any CPU.ActiveCfg = Release|Any CPU
		{3EA747A7-39E0-4B0D-BA48-1C580BE131CE}.Release|Any CPU.Build.0 = Release|Any CPU
		{2C7F3C6E-FEDB-4A25-9172-78A143700F32}.Debug|Any CPU.ActiveCfg = Debug|Any CPU
		{2C7F3C6E-FEDB-4A25-9172-78A143700F32}.Debug|Any CPU.Build.0 = Debug|Any CPU
		{2C7F3C6E-FEDB-4A25-9172-78A143700F32}.Release|Any CPU.ActiveCfg = Release|Any CPU
		{2C7F3C6E-FEDB-4A25-9172-78A143700F32}.Release|Any CPU.Build.0 = Release|Any CPU
		{D14DFC03-E6AF-4F54-96C0-1F51AC0A9404}.Debug|Any CPU.ActiveCfg = Debug|Any CPU
		{D14DFC03-E6AF-4F54-96C0-1F51AC0A9404}.Debug|Any CPU.Build.0 = Debug|Any CPU
		{D14DFC03-E6AF-4F54-96C0-1F51AC0A9404}.Release|Any CPU.ActiveCfg = Release|Any CPU
		{D14DFC03-E6AF-4F54-96C0-1F51AC0A9404}.Release|Any CPU.Build.0 = Release|Any CPU
		{0C031E11-66D5-4E53-B3C8-B7A0172D8870}.Debug|Any CPU.ActiveCfg = Debug|Any CPU
		{0C031E11-66D5-4E53-B3C8-B7A0172D8870}.Debug|Any CPU.Build.0 = Debug|Any CPU
		{0C031E11-66D5-4E53-B3C8-B7A0172D8870}.Release|Any CPU.ActiveCfg = Release|Any CPU
		{0C031E11-66D5-4E53-B3C8-B7A0172D8870}.Release|Any CPU.Build.0 = Release|Any CPU
		{683DF2FF-4C4C-4680-A653-8F22D92205C0}.Debug|Any CPU.ActiveCfg = Debug|Any CPU
		{683DF2FF-4C4C-4680-A653-8F22D92205C0}.Debug|Any CPU.Build.0 = Debug|Any CPU
		{683DF2FF-4C4C-4680-A653-8F22D92205C0}.Release|Any CPU.ActiveCfg = Release|Any CPU
		{683DF2FF-4C4C-4680-A653-8F22D92205C0}.Release|Any CPU.Build.0 = Release|Any CPU
		{630D62A6-5EAF-454F-AFC1-7DC3AFE7579C}.Debug|Any CPU.ActiveCfg = Debug|Any CPU
		{630D62A6-5EAF-454F-AFC1-7DC3AFE7579C}.Debug|Any CPU.Build.0 = Debug|Any CPU
		{630D62A6-5EAF-454F-AFC1-7DC3AFE7579C}.Release|Any CPU.ActiveCfg = Release|Any CPU
		{630D62A6-5EAF-454F-AFC1-7DC3AFE7579C}.Release|Any CPU.Build.0 = Release|Any CPU
		{D6D2BBD6-3E7D-4713-B249-7EEF9B0653D7}.Debug|Any CPU.ActiveCfg = Debug|Any CPU
		{D6D2BBD6-3E7D-4713-B249-7EEF9B0653D7}.Debug|Any CPU.Build.0 = Debug|Any CPU
		{D6D2BBD6-3E7D-4713-B249-7EEF9B0653D7}.Release|Any CPU.ActiveCfg = Release|Any CPU
		{D6D2BBD6-3E7D-4713-B249-7EEF9B0653D7}.Release|Any CPU.Build.0 = Release|Any CPU
		{77BF98EF-6A07-4A83-BBA4-96401B15FC4F}.Debug|Any CPU.ActiveCfg = Debug|Any CPU
		{77BF98EF-6A07-4A83-BBA4-96401B15FC4F}.Debug|Any CPU.Build.0 = Debug|Any CPU
		{77BF98EF-6A07-4A83-BBA4-96401B15FC4F}.Release|Any CPU.ActiveCfg = Release|Any CPU
		{77BF98EF-6A07-4A83-BBA4-96401B15FC4F}.Release|Any CPU.Build.0 = Release|Any CPU
	EndGlobalSection
	GlobalSection(SolutionProperties) = preSolution
		HideSolutionNode = FALSE
	EndGlobalSection
	GlobalSection(NestedProjects) = preSolution
		{FD1732FA-ECB3-41E5-8516-AC34377B9DF3} = {CB8DA10E-F131-413F-B652-B1BE82EE5A9B}
		{843CD531-BD47-4666-AF26-7BBB9900F46E} = {FD1732FA-ECB3-41E5-8516-AC34377B9DF3}
		{CBE4057D-6677-4B35-A448-749ACDC10A23} = {FD1732FA-ECB3-41E5-8516-AC34377B9DF3}
		{EBEAEF43-02EC-4E76-BEC6-EC79D07EAD55} = {FD1732FA-ECB3-41E5-8516-AC34377B9DF3}
		{AAA39F11-DEC3-45E6-9684-839BDCD87E1B} = {FD1732FA-ECB3-41E5-8516-AC34377B9DF3}
		{6DB6E2BB-F714-44FF-9C3B-933B2FD38967} = {FD1732FA-ECB3-41E5-8516-AC34377B9DF3}
		{0B7A1544-08CC-48E3-B62B-84FBCDFCE7CE} = {2BCE99BE-8A5A-4987-8FE8-3EF32A149362}
		{2C5D958F-3845-438D-87F5-D52404CD911D} = {0B7A1544-08CC-48E3-B62B-84FBCDFCE7CE}
		{C31A17BE-D519-4730-B94D-9AC21AE32F1C} = {CB8DA10E-F131-413F-B652-B1BE82EE5A9B}
		{EB0AC241-DC6E-4349-95CD-8B4A4D5F5D36} = {C31A17BE-D519-4730-B94D-9AC21AE32F1C}
		{02EA681E-C7D8-13C7-8484-4AC65E1B71E8} = {CB8DA10E-F131-413F-B652-B1BE82EE5A9B}
		{3EA747A7-39E0-4B0D-BA48-1C580BE131CE} = {02EA681E-C7D8-13C7-8484-4AC65E1B71E8}
		{2C7F3C6E-FEDB-4A25-9172-78A143700F32} = {C31A17BE-D519-4730-B94D-9AC21AE32F1C}
		{D14DFC03-E6AF-4F54-96C0-1F51AC0A9404} = {C31A17BE-D519-4730-B94D-9AC21AE32F1C}
		{0C031E11-66D5-4E53-B3C8-B7A0172D8870} = {C31A17BE-D519-4730-B94D-9AC21AE32F1C}
		{8047088C-2842-4356-B386-41D8820CE685} = {ABF76A9C-284C-478A-A908-AD593783007A}
		{683DF2FF-4C4C-4680-A653-8F22D92205C0} = {8047088C-2842-4356-B386-41D8820CE685}
		{544E31EC-3388-47BB-B987-87AEA53C8271} = {CB8DA10E-F131-413F-B652-B1BE82EE5A9B}
		{630D62A6-5EAF-454F-AFC1-7DC3AFE7579C} = {544E31EC-3388-47BB-B987-87AEA53C8271}
		{D6D2BBD6-3E7D-4713-B249-7EEF9B0653D7} = {544E31EC-3388-47BB-B987-87AEA53C8271}
		{77BF98EF-6A07-4A83-BBA4-96401B15FC4F} = {544E31EC-3388-47BB-B987-87AEA53C8271}
	EndGlobalSection
	GlobalSection(ExtensibilityGlobals) = postSolution
		SolutionGuid = {82F46B5D-E08F-4B65-8322-5A5758AEE84F}
	EndGlobalSection
EndGlobal
