
Microsoft Visual Studio Solution File, Format Version 12.00
# Visual Studio Version 17
VisualStudioVersion = 17.12.35527.113
MinimumVisualStudioVersion = 10.0.40219.1
Project("{2150E333-8FDC-42A3-9474-1A3956D46DE8}") = "Services", "Services", "{CB8DA10E-F131-413F-B652-B1BE82EE5A9B}"
EndProject
Project("{2150E333-8FDC-42A3-9474-1A3956D46DE8}") = "WareHouse", "WareHouse", "{FD1732FA-ECB3-41E5-8516-AC34377B9DF3}"
EndProject
Project("{FAE04EC0-301F-11D3-BF4B-00C04F79EFBC}") = "WareHouse.API", "Services\WareHouse\WareHouse.API\WareHouse.API.csproj", "{843CD531-BD47-4666-AF26-7BBB9900F46E}"
EndProject
Project("{FAE04EC0-301F-11D3-BF4B-00C04F79EFBC}") = "WareHouse.Domain", "Services\WareHouse\WareHouse.Domain\WareHouse.Domain.csproj", "{CBE4057D-6677-4B35-A448-749ACDC10A23}"
EndProject
Project("{FAE04EC0-301F-11D3-BF4B-00C04F79EFBC}") = "WareHouse.Application", "Services\WareHouse\WareHouse.Application\WareHouse.Application.csproj", "{EBEAEF43-02EC-4E76-BEC6-EC79D07EAD55}"
EndProject
Project("{FAE04EC0-301F-11D3-BF4B-00C04F79EFBC}") = "WareHouse.Presentation", "Services\WareHouse\WareHouse.Presentation\WareHouse.Presentation.csproj", "{AAA39F11-DEC3-45E6-9684-839BDCD87E1B}"
EndProject
Project("{FAE04EC0-301F-11D3-BF4B-00C04F79EFBC}") = "WareHouse.Infrastructure", "Services\WareHouse\WareHouse.Infrastructure\WareHouse.Infrastructure.csproj", "{6DB6E2BB-F714-44FF-9C3B-933B2FD38967}"
EndProject
Project("{2150E333-8FDC-42A3-9474-1A3956D46DE8}") = "Shared", "Shared", "{2BCE99BE-8A5A-4987-8FE8-3EF32A149362}"
EndProject
Project("{2150E333-8FDC-42A3-9474-1A3956D46DE8}") = "BuildingBlocks", "BuildingBlocks", "{0B7A1544-08CC-48E3-B62B-84FBCDFCE7CE}"
EndProject
Project("{FAE04EC0-301F-11D3-BF4B-00C04F79EFBC}") = "CommonPractices", "Shared\BuildingBlocks\CommonPractices\CommonPractices.csproj", "{2C5D958F-3845-438D-87F5-D52404CD911D}"
EndProject
Project("{E53339B2-1760-4266-BCC7-CA923CBCF16C}") = "docker-compose", "docker-compose.dcproj", "{82C3F195-4C0F-4573-99BF-3229AFF0F424}"
EndProject
Project("{2150E333-8FDC-42A3-9474-1A3956D46DE8}") = "Catalog", "Catalog", "{C31A17BE-D519-4730-B94D-9AC21AE32F1C}"
EndProject
Project("{FAE04EC0-301F-11D3-BF4B-00C04F79EFBC}") = "Catalog.Api", "Services\Catalog\Catalog.Api\Catalog.Api.csproj", "{EB0AC241-DC6E-4349-95CD-8B4A4D5F5D36}"
EndProject
Global
	GlobalSection(SolutionConfigurationPlatforms) = preSolution
		Debug|Any CPU = Debug|Any CPU
		Release|Any CPU = Release|Any CPU
	EndGlobalSection
	GlobalSection(ProjectConfigurationPlatforms) = postSolution
		{843CD531-BD47-4666-AF26-7BBB9900F46E}.Debug|Any CPU.ActiveCfg = Debug|Any CPU
		{843CD531-BD47-4666-AF26-7BBB9900F46E}.Debug|Any CPU.Build.0 = Debug|Any CPU
		{843CD531-BD47-4666-AF26-7BBB9900F46E}.Release|Any CPU.ActiveCfg = Release|Any CPU
		{843CD531-BD47-4666-AF26-7BBB9900F46E}.Release|Any CPU.Build.0 = Release|Any CPU
		{CBE4057D-6677-4B35-A448-749ACDC10A23}.Debug|Any CPU.ActiveCfg = Debug|Any CPU
		{CBE4057D-6677-4B35-A448-749ACDC10A23}.Debug|Any CPU.Build.0 = Debug|Any CPU
		{CBE4057D-6677-4B35-A448-749ACDC10A23}.Release|Any CPU.ActiveCfg = Release|Any CPU
		{CBE4057D-6677-4B35-A448-749ACDC10A23}.Release|Any CPU.Build.0 = Release|Any CPU
		{EBEAEF43-02EC-4E76-BEC6-EC79D07EAD55}.Debug|Any CPU.ActiveCfg = Debug|Any CPU
		{EBEAEF43-02EC-4E76-BEC6-EC79D07EAD55}.Debug|Any CPU.Build.0 = Debug|Any CPU
		{EBEAEF43-02EC-4E76-BEC6-EC79D07EAD55}.Release|Any CPU.ActiveCfg = Release|Any CPU
		{EBEAEF43-02EC-4E76-BEC6-EC79D07EAD55}.Release|Any CPU.Build.0 = Release|Any CPU
		{AAA39F11-DEC3-45E6-9684-839BDCD87E1B}.Debug|Any CPU.ActiveCfg = Debug|Any CPU
		{AAA39F11-DEC3-45E6-9684-839BDCD87E1B}.Debug|Any CPU.Build.0 = Debug|Any CPU
		{AAA39F11-DEC3-45E6-9684-839BDCD87E1B}.Release|Any CPU.ActiveCfg = Release|Any CPU
		{AAA39F11-DEC3-45E6-9684-839BDCD87E1B}.Release|Any CPU.Build.0 = Release|Any CPU
		{6DB6E2BB-F714-44FF-9C3B-933B2FD38967}.Debug|Any CPU.ActiveCfg = Debug|Any CPU
		{6DB6E2BB-F714-44FF-9C3B-933B2FD38967}.Debug|Any CPU.Build.0 = Debug|Any CPU
		{6DB6E2BB-F714-44FF-9C3B-933B2FD38967}.Release|Any CPU.ActiveCfg = Release|Any CPU
		{6DB6E2BB-F714-44FF-9C3B-933B2FD38967}.Release|Any CPU.Build.0 = Release|Any CPU
		{2C5D958F-3845-438D-87F5-D52404CD911D}.Debug|Any CPU.ActiveCfg = Debug|Any CPU
		{2C5D958F-3845-438D-87F5-D52404CD911D}.Debug|Any CPU.Build.0 = Debug|Any CPU
		{2C5D958F-3845-438D-87F5-D52404CD911D}.Release|Any CPU.ActiveCfg = Release|Any CPU
		{2C5D958F-3845-438D-87F5-D52404CD911D}.Release|Any CPU.Build.0 = Release|Any CPU
		{82C3F195-4C0F-4573-99BF-3229AFF0F424}.Debug|Any CPU.ActiveCfg = Debug|Any CPU
		{82C3F195-4C0F-4573-99BF-3229AFF0F424}.Debug|Any CPU.Build.0 = Debug|Any CPU
		{82C3F195-4C0F-4573-99BF-3229AFF0F424}.Release|Any CPU.ActiveCfg = Release|Any CPU
		{82C3F195-4C0F-4573-99BF-3229AFF0F424}.Release|Any CPU.Build.0 = Release|Any CPU
		{EB0AC241-DC6E-4349-95CD-8B4A4D5F5D36}.Debug|Any CPU.ActiveCfg = Debug|Any CPU
		{EB0AC241-DC6E-4349-95CD-8B4A4D5F5D36}.Debug|Any CPU.Build.0 = Debug|Any CPU
		{EB0AC241-DC6E-4349-95CD-8B4A4D5F5D36}.Release|Any CPU.ActiveCfg = Release|Any CPU
		{EB0AC241-DC6E-4349-95CD-8B4A4D5F5D36}.Release|Any CPU.Build.0 = Release|Any CPU
	EndGlobalSection
	GlobalSection(SolutionProperties) = preSolution
		HideSolutionNode = FALSE
	EndGlobalSection
	GlobalSection(NestedProjects) = preSolution
		{FD1732FA-ECB3-41E5-8516-AC34377B9DF3} = {CB8DA10E-F131-413F-B652-B1BE82EE5A9B}
		{843CD531-BD47-4666-AF26-7BBB9900F46E} = {FD1732FA-ECB3-41E5-8516-AC34377B9DF3}
		{CBE4057D-6677-4B35-A448-749ACDC10A23} = {FD1732FA-ECB3-41E5-8516-AC34377B9DF3}
		{EBEAEF43-02EC-4E76-BEC6-EC79D07EAD55} = {FD1732FA-ECB3-41E5-8516-AC34377B9DF3}
		{AAA39F11-DEC3-45E6-9684-839BDCD87E1B} = {FD1732FA-ECB3-41E5-8516-AC34377B9DF3}
		{6DB6E2BB-F714-44FF-9C3B-933B2FD38967} = {FD1732FA-ECB3-41E5-8516-AC34377B9DF3}
		{0B7A1544-08CC-48E3-B62B-84FBCDFCE7CE} = {2BCE99BE-8A5A-4987-8FE8-3EF32A149362}
		{2C5D958F-3845-438D-87F5-D52404CD911D} = {0B7A1544-08CC-48E3-B62B-84FBCDFCE7CE}
		{C31A17BE-D519-4730-B94D-9AC21AE32F1C} = {CB8DA10E-F131-413F-B652-B1BE82EE5A9B}
		{EB0AC241-DC6E-4349-95CD-8B4A4D5F5D36} = {C31A17BE-D519-4730-B94D-9AC21AE32F1C}
	EndGlobalSection
EndGlobal
